
Microsoft Visual Studio Solution File, Format Version 12.00
# Visual Studio Version 16
VisualStudioVersion = 16.0.810.9
MinimumVisualStudioVersion = 10.0.40219.1
Project("{FAE04EC0-301F-11D3-BF4B-00C04F79EFBC}") = "FormsPlaygound.Android", "FormsPlaygound.Android\FormsPlaygound.Android.csproj", "{F56DCDB9-6B1E-4A36-A814-D8FE01F83F15}"
EndProject
Project("{FAE04EC0-301F-11D3-BF4B-00C04F79EFBC}") = "FormsPlaygound.iOS", "FormsPlaygound.iOS\FormsPlaygound.iOS.csproj", "{79E764E0-99DA-47E6-B8F6-6DCD6CC1E4E5}"
EndProject
Project("{FAE04EC0-301F-11D3-BF4B-00C04F79EFBC}") = "FormsPlaygound", "FormsPlaygound\FormsPlaygound.csproj", "{86907A61-28BE-4F9C-81AF-241B5801608B}"
EndProject
Global
	GlobalSection(SolutionConfigurationPlatforms) = preSolution
		Debug|Any CPU = Debug|Any CPU
		Release|Any CPU = Release|Any CPU
		Debug|iPhoneSimulator = Debug|iPhoneSimulator
		Release|iPhoneSimulator = Release|iPhoneSimulator
		Debug|iPhone = Debug|iPhone
		Release|iPhone = Release|iPhone
	EndGlobalSection
	GlobalSection(ProjectConfigurationPlatforms) = postSolution
		{F56DCDB9-6B1E-4A36-A814-D8FE01F83F15}.Debug|Any CPU.ActiveCfg = Debug|Any CPU
		{F56DCDB9-6B1E-4A36-A814-D8FE01F83F15}.Debug|Any CPU.Build.0 = Debug|Any CPU
		{F56DCDB9-6B1E-4A36-A814-D8FE01F83F15}.Release|Any CPU.ActiveCfg = Release|Any CPU
		{F56DCDB9-6B1E-4A36-A814-D8FE01F83F15}.Release|Any CPU.Build.0 = Release|Any CPU
		{F56DCDB9-6B1E-4A36-A814-D8FE01F83F15}.Debug|iPhoneSimulator.ActiveCfg = Debug|Any CPU
		{F56DCDB9-6B1E-4A36-A814-D8FE01F83F15}.Debug|iPhoneSimulator.Build.0 = Debug|Any CPU
		{F56DCDB9-6B1E-4A36-A814-D8FE01F83F15}.Release|iPhoneSimulator.ActiveCfg = Release|Any CPU
		{F56DCDB9-6B1E-4A36-A814-D8FE01F83F15}.Release|iPhoneSimulator.Build.0 = Release|Any CPU
		{F56DCDB9-6B1E-4A36-A814-D8FE01F83F15}.Debug|iPhone.ActiveCfg = Debug|Any CPU
		{F56DCDB9-6B1E-4A36-A814-D8FE01F83F15}.Debug|iPhone.Build.0 = Debug|Any CPU
		{F56DCDB9-6B1E-4A36-A814-D8FE01F83F15}.Release|iPhone.ActiveCfg = Release|Any CPU
		{F56DCDB9-6B1E-4A36-A814-D8FE01F83F15}.Release|iPhone.Build.0 = Release|Any CPU
		{79E764E0-99DA-47E6-B8F6-6DCD6CC1E4E5}.Debug|Any CPU.ActiveCfg = Debug|iPhoneSimulator
		{79E764E0-99DA-47E6-B8F6-6DCD6CC1E4E5}.Debug|Any CPU.Build.0 = Debug|iPhoneSimulator
		{79E764E0-99DA-47E6-B8F6-6DCD6CC1E4E5}.Release|Any CPU.ActiveCfg = Release|iPhoneSimulator
		{79E764E0-99DA-47E6-B8F6-6DCD6CC1E4E5}.Release|Any CPU.Build.0 = Release|iPhoneSimulator
		{79E764E0-99DA-47E6-B8F6-6DCD6CC1E4E5}.Debug|iPhoneSimulator.ActiveCfg = Debug|iPhoneSimulator
		{79E764E0-99DA-47E6-B8F6-6DCD6CC1E4E5}.Debug|iPhoneSimulator.Build.0 = Debug|iPhoneSimulator
		{79E764E0-99DA-47E6-B8F6-6DCD6CC1E4E5}.Release|iPhoneSimulator.ActiveCfg = Release|iPhoneSimulator
		{79E764E0-99DA-47E6-B8F6-6DCD6CC1E4E5}.Release|iPhoneSimulator.Build.0 = Release|iPhoneSimulator
		{79E764E0-99DA-47E6-B8F6-6DCD6CC1E4E5}.Debug|iPhone.ActiveCfg = Debug|iPhone
		{79E764E0-99DA-47E6-B8F6-6DCD6CC1E4E5}.Debug|iPhone.Build.0 = Debug|iPhone
		{79E764E0-99DA-47E6-B8F6-6DCD6CC1E4E5}.Release|iPhone.ActiveCfg = Release|iPhone
		{79E764E0-99DA-47E6-B8F6-6DCD6CC1E4E5}.Release|iPhone.Build.0 = Release|iPhone
		{86907A61-28BE-4F9C-81AF-241B5801608B}.Debug|Any CPU.ActiveCfg = Debug|Any CPU
		{86907A61-28BE-4F9C-81AF-241B5801608B}.Debug|Any CPU.Build.0 = Debug|Any CPU
		{86907A61-28BE-4F9C-81AF-241B5801608B}.Release|Any CPU.ActiveCfg = Release|Any CPU
		{86907A61-28BE-4F9C-81AF-241B5801608B}.Release|Any CPU.Build.0 = Release|Any CPU
		{86907A61-28BE-4F9C-81AF-241B5801608B}.Debug|iPhoneSimulator.ActiveCfg = Debug|Any CPU
		{86907A61-28BE-4F9C-81AF-241B5801608B}.Debug|iPhoneSimulator.Build.0 = Debug|Any CPU
		{86907A61-28BE-4F9C-81AF-241B5801608B}.Release|iPhoneSimulator.ActiveCfg = Release|Any CPU
		{86907A61-28BE-4F9C-81AF-241B5801608B}.Release|iPhoneSimulator.Build.0 = Release|Any CPU
		{86907A61-28BE-4F9C-81AF-241B5801608B}.Debug|iPhone.ActiveCfg = Debug|Any CPU
		{86907A61-28BE-4F9C-81AF-241B5801608B}.Debug|iPhone.Build.0 = Debug|Any CPU
		{86907A61-28BE-4F9C-81AF-241B5801608B}.Release|iPhone.ActiveCfg = Release|Any CPU
		{86907A61-28BE-4F9C-81AF-241B5801608B}.Release|iPhone.Build.0 = Release|Any CPU
	EndGlobalSection
	GlobalSection(SolutionProperties) = preSolution
		HideSolutionNode = FALSE
	EndGlobalSection
	GlobalSection(ExtensibilityGlobals) = postSolution
		SolutionGuid = {BAE6530C-22FB-45BC-A104-A76DC09A827A}
	EndGlobalSection
EndGlobal
